
Microsoft Visual Studio Solution File, Format Version 12.00
# Visual Studio Version 17
VisualStudioVersion = 17.7.34003.232
MinimumVisualStudioVersion = 10.0.40219.1
Project("{FAE04EC0-301F-11D3-BF4B-00C04F79EFBC}") = "T2402-TestWebApi", "T2402-TestWebApi\T2402-TestWebApi.csproj", "{D2FF9AA5-4746-4F88-87CC-788F0D8EEFD9}"
EndProject
Project("{FAE04EC0-301F-11D3-BF4B-00C04F79EFBC}") = "T2402-TestWebApi.Tests", "T2402-TestWebApi.Tests\T2402-TestWebApi.Tests.csproj", "{0D316D87-8176-4E4C-AEA8-D537FA1BDD49}"
EndProject
Global
	GlobalSection(SolutionConfigurationPlatforms) = preSolution
		Debug|Any CPU = Debug|Any CPU
		Release|Any CPU = Release|Any CPU
	EndGlobalSection
	GlobalSection(ProjectConfigurationPlatforms) = postSolution
		{D2FF9AA5-4746-4F88-87CC-788F0D8EEFD9}.Debug|Any CPU.ActiveCfg = Debug|Any CPU
		{D2FF9AA5-4746-4F88-87CC-788F0D8EEFD9}.Debug|Any CPU.Build.0 = Debug|Any CPU
		{D2FF9AA5-4746-4F88-87CC-788F0D8EEFD9}.Release|Any CPU.ActiveCfg = Release|Any CPU
		{D2FF9AA5-4746-4F88-87CC-788F0D8EEFD9}.Release|Any CPU.Build.0 = Release|Any CPU
		{0D316D87-8176-4E4C-AEA8-D537FA1BDD49}.Debug|Any CPU.ActiveCfg = Debug|Any CPU
		{0D316D87-8176-4E4C-AEA8-D537FA1BDD49}.Debug|Any CPU.Build.0 = Debug|Any CPU
		{0D316D87-8176-4E4C-AEA8-D537FA1BDD49}.Release|Any CPU.ActiveCfg = Release|Any CPU
		{0D316D87-8176-4E4C-AEA8-D537FA1BDD49}.Release|Any CPU.Build.0 = Release|Any CPU
	EndGlobalSection
	GlobalSection(SolutionProperties) = preSolution
		HideSolutionNode = FALSE
	EndGlobalSection
	GlobalSection(ExtensibilityGlobals) = postSolution
		SolutionGuid = {90E4F3E8-95A7-4A9C-8909-26B728C0DF1B}
	EndGlobalSection
EndGlobal
